
Microsoft Visual Studio Solution File, Format Version 12.00
# Visual Studio Version 16
VisualStudioVersion = 16.0.34031.81
MinimumVisualStudioVersion = 10.0.40219.1
Project("{FAE04EC0-301F-11D3-BF4B-00C04F79EFBC}") = "Tyuiu.MedvedevKA.Sprint2.Task0.V15", "Tyuiu.MedvedevKA.Sprint2.Task0.V15\Tyuiu.MedvedevKA.Sprint2.Task0.V15.csproj", "{F23DB35F-F97A-4372-A75F-2A354EF43B62}"
EndProject
Project("{2150E333-8FDC-42A3-9474-1A3956D46DE8}") = "Task0", "Task0", "{8C225103-DCA0-4A81-9A96-30D0174E6C29}"
EndProject
Project("{FAE04EC0-301F-11D3-BF4B-00C04F79EFBC}") = "Tyuiu.MedvedevKA.Sprint2.Task0.V15.Lib", "Tyuiu.MedvedevKA.Sprint2.Task0.V15.Lib\Tyuiu.MedvedevKA.Sprint2.Task0.V15.Lib.csproj", "{58FC5938-260D-4447-8D4F-3BBB456902F1}"
EndProject
Project("{FAE04EC0-301F-11D3-BF4B-00C04F79EFBC}") = "Tyuiu.MedvedevKA.Sprint2.Task0.V15.Test", "Tyuiu.MedvedevKA.Sprint2.Task0.V15.Test\Tyuiu.MedvedevKA.Sprint2.Task0.V15.Test.csproj", "{68EAA8BB-DC4C-452B-9AF2-E2A12D128062}"
EndProject
Global
	GlobalSection(SolutionConfigurationPlatforms) = preSolution
		Debug|Any CPU = Debug|Any CPU
		Release|Any CPU = Release|Any CPU
	EndGlobalSection
	GlobalSection(ProjectConfigurationPlatforms) = postSolution
		{F23DB35F-F97A-4372-A75F-2A354EF43B62}.Debug|Any CPU.ActiveCfg = Debug|Any CPU
		{F23DB35F-F97A-4372-A75F-2A354EF43B62}.Debug|Any CPU.Build.0 = Debug|Any CPU
		{F23DB35F-F97A-4372-A75F-2A354EF43B62}.Release|Any CPU.ActiveCfg = Release|Any CPU
		{F23DB35F-F97A-4372-A75F-2A354EF43B62}.Release|Any CPU.Build.0 = Release|Any CPU
		{58FC5938-260D-4447-8D4F-3BBB456902F1}.Debug|Any CPU.ActiveCfg = Debug|Any CPU
		{58FC5938-260D-4447-8D4F-3BBB456902F1}.Debug|Any CPU.Build.0 = Debug|Any CPU
		{58FC5938-260D-4447-8D4F-3BBB456902F1}.Release|Any CPU.ActiveCfg = Release|Any CPU
		{58FC5938-260D-4447-8D4F-3BBB456902F1}.Release|Any CPU.Build.0 = Release|Any CPU
		{68EAA8BB-DC4C-452B-9AF2-E2A12D128062}.Debug|Any CPU.ActiveCfg = Debug|Any CPU
		{68EAA8BB-DC4C-452B-9AF2-E2A12D128062}.Debug|Any CPU.Build.0 = Debug|Any CPU
		{68EAA8BB-DC4C-452B-9AF2-E2A12D128062}.Release|Any CPU.ActiveCfg = Release|Any CPU
		{68EAA8BB-DC4C-452B-9AF2-E2A12D128062}.Release|Any CPU.Build.0 = Release|Any CPU
	EndGlobalSection
	GlobalSection(SolutionProperties) = preSolution
		HideSolutionNode = FALSE
	EndGlobalSection
	GlobalSection(NestedProjects) = preSolution
		{F23DB35F-F97A-4372-A75F-2A354EF43B62} = {8C225103-DCA0-4A81-9A96-30D0174E6C29}
		{58FC5938-260D-4447-8D4F-3BBB456902F1} = {8C225103-DCA0-4A81-9A96-30D0174E6C29}
		{68EAA8BB-DC4C-452B-9AF2-E2A12D128062} = {8C225103-DCA0-4A81-9A96-30D0174E6C29}
	EndGlobalSection
	GlobalSection(ExtensibilityGlobals) = postSolution
		SolutionGuid = {0DB4A38C-E561-402A-89E5-7AC1227AF2F0}
	EndGlobalSection
EndGlobal
