
Microsoft Visual Studio Solution File, Format Version 12.00
# Visual Studio Version 16
VisualStudioVersion = 16.0.34031.81
MinimumVisualStudioVersion = 10.0.40219.1
Project("{FAE04EC0-301F-11D3-BF4B-00C04F79EFBC}") = "Tyuiu.MedvedevKA.Sprint2.Task0.V15", "Tyuiu.MedvedevKA.Sprint2.Task0.V15\Tyuiu.MedvedevKA.Sprint2.Task0.V15.csproj", "{F23DB35F-F97A-4372-A75F-2A354EF43B62}"
EndProject
Project("{2150E333-8FDC-42A3-9474-1A3956D46DE8}") = "Task0", "Task0", "{8C225103-DCA0-4A81-9A96-30D0174E6C29}"
EndProject
Project("{FAE04EC0-301F-11D3-BF4B-00C04F79EFBC}") = "Tyuiu.MedvedevKA.Sprint2.Task0.V15.Lib", "Tyuiu.MedvedevKA.Sprint2.Task0.V15.Lib\Tyuiu.MedvedevKA.Sprint2.Task0.V15.Lib.csproj", "{58FC5938-260D-4447-8D4F-3BBB456902F1}"
EndProject
Project("{FAE04EC0-301F-11D3-BF4B-00C04F79EFBC}") = "Tyuiu.MedvedevKA.Sprint2.Task0.V15.Test", "Tyuiu.MedvedevKA.Sprint2.Task0.V15.Test\Tyuiu.MedvedevKA.Sprint2.Task0.V15.Test.csproj", "{68EAA8BB-DC4C-452B-9AF2-E2A12D128062}"
EndProject
Project("{2150E333-8FDC-42A3-9474-1A3956D46DE8}") = "Task1", "Task1", "{C26C50BE-B3AB-4003-885D-9C07EF010C01}"
EndProject
Project("{FAE04EC0-301F-11D3-BF4B-00C04F79EFBC}") = "Tyuiu.MedvedevKA.Sprint2.Task1.V21", "Tyuiu.MedvedevKA.Sprint2.Task1.V21\Tyuiu.MedvedevKA.Sprint2.Task1.V21.csproj", "{FF51C63D-B96A-48F9-88D8-ADC83E6ECAAC}"
EndProject
Project("{FAE04EC0-301F-11D3-BF4B-00C04F79EFBC}") = "Tyuiu.MedvedevKA.Sprint2.Task1.V21.Lib", "Tyuiu.MedvedevKA.Sprint2.Task1.V21.Lib\Tyuiu.MedvedevKA.Sprint2.Task1.V21.Lib.csproj", "{D993D05B-C52A-4375-AC98-6398DEEAEE7F}"
EndProject
Project("{FAE04EC0-301F-11D3-BF4B-00C04F79EFBC}") = "Tyuiu.MedvedevKA.Sprint2.Task1.V21.Test", "Tyuiu.MedvedevKA.Sprint2.Task1.V21.Test\Tyuiu.MedvedevKA.Sprint2.Task1.V21.Test.csproj", "{86B9D745-15D2-4918-9177-FE458AF33261}"
EndProject
Project("{2150E333-8FDC-42A3-9474-1A3956D46DE8}") = "Task2", "Task2", "{3A41C252-30F2-4C7E-8AD2-54DE0E21B915}"
EndProject
Project("{FAE04EC0-301F-11D3-BF4B-00C04F79EFBC}") = "Tyuiu.MedvedevKA.Sprint2.Task2.V27.Test", "Tyuiu.MedvedevKA.Sprint2.Task2.V27.Test\Tyuiu.MedvedevKA.Sprint2.Task2.V27.Test.csproj", "{856CBDDC-9131-4645-9837-B47D1A690E9C}"
EndProject
Project("{FAE04EC0-301F-11D3-BF4B-00C04F79EFBC}") = "Tyuiu.MedvedevKA.Sprint2.Task2.V27", "Tyuiu.MedvedevKA.Sprint2.Task2.V27\Tyuiu.MedvedevKA.Sprint2.Task2.V27.csproj", "{CE3BD9F6-1769-4A28-93D4-A1388E92CA6C}"
EndProject
Project("{FAE04EC0-301F-11D3-BF4B-00C04F79EFBC}") = "Tyuiu.MedvedevKA.Sprint2.Task2.V27.Lib", "Tyuiu.MedvedevKA.Sprint2.Task2.V27.Lib\Tyuiu.MedvedevKA.Sprint2.Task2.V27.Lib.csproj", "{133FA2B0-1A5B-442B-A76F-F2ADE895FF7D}"
EndProject
Project("{2150E333-8FDC-42A3-9474-1A3956D46DE8}") = "Task3", "Task3", "{FB4428C2-8CFC-403B-A1DE-736F522EB6EB}"
EndProject
Project("{FAE04EC0-301F-11D3-BF4B-00C04F79EFBC}") = "Tyuiu.MedvedevKA.Sprint2.Task3.V30", "Tyuiu.MedvedevKA.Sprint2.Task3.V30\Tyuiu.MedvedevKA.Sprint2.Task3.V30.csproj", "{311217AD-FDEE-446E-A250-739F50825F09}"
EndProject
Project("{FAE04EC0-301F-11D3-BF4B-00C04F79EFBC}") = "Tyuiu.MedvedevKA.Sprint2.Task3.V30.Lib", "Tyuiu.MedvedevKA.Sprint2.Task3.V30.Lib\Tyuiu.MedvedevKA.Sprint2.Task3.V30.Lib.csproj", "{DEAEFAEF-688B-4E6A-8816-E6AA41438D8B}"
EndProject
Project("{FAE04EC0-301F-11D3-BF4B-00C04F79EFBC}") = "Tyuiu.MedvedevKA.Sprint2.Task3.V30.Test", "Tyuiu.MedvedevKA.Sprint2.Task3.V30.Test\Tyuiu.MedvedevKA.Sprint2.Task3.V30.Test.csproj", "{A225F6A9-F436-4662-9453-3BDD44D9EF88}"
EndProject
Global
	GlobalSection(SolutionConfigurationPlatforms) = preSolution
		Debug|Any CPU = Debug|Any CPU
		Release|Any CPU = Release|Any CPU
	EndGlobalSection
	GlobalSection(ProjectConfigurationPlatforms) = postSolution
		{F23DB35F-F97A-4372-A75F-2A354EF43B62}.Debug|Any CPU.ActiveCfg = Debug|Any CPU
		{F23DB35F-F97A-4372-A75F-2A354EF43B62}.Debug|Any CPU.Build.0 = Debug|Any CPU
		{F23DB35F-F97A-4372-A75F-2A354EF43B62}.Release|Any CPU.ActiveCfg = Release|Any CPU
		{F23DB35F-F97A-4372-A75F-2A354EF43B62}.Release|Any CPU.Build.0 = Release|Any CPU
		{58FC5938-260D-4447-8D4F-3BBB456902F1}.Debug|Any CPU.ActiveCfg = Debug|Any CPU
		{58FC5938-260D-4447-8D4F-3BBB456902F1}.Debug|Any CPU.Build.0 = Debug|Any CPU
		{58FC5938-260D-4447-8D4F-3BBB456902F1}.Release|Any CPU.ActiveCfg = Release|Any CPU
		{58FC5938-260D-4447-8D4F-3BBB456902F1}.Release|Any CPU.Build.0 = Release|Any CPU
		{68EAA8BB-DC4C-452B-9AF2-E2A12D128062}.Debug|Any CPU.ActiveCfg = Debug|Any CPU
		{68EAA8BB-DC4C-452B-9AF2-E2A12D128062}.Debug|Any CPU.Build.0 = Debug|Any CPU
		{68EAA8BB-DC4C-452B-9AF2-E2A12D128062}.Release|Any CPU.ActiveCfg = Release|Any CPU
		{68EAA8BB-DC4C-452B-9AF2-E2A12D128062}.Release|Any CPU.Build.0 = Release|Any CPU
		{FF51C63D-B96A-48F9-88D8-ADC83E6ECAAC}.Debug|Any CPU.ActiveCfg = Debug|Any CPU
		{FF51C63D-B96A-48F9-88D8-ADC83E6ECAAC}.Debug|Any CPU.Build.0 = Debug|Any CPU
		{FF51C63D-B96A-48F9-88D8-ADC83E6ECAAC}.Release|Any CPU.ActiveCfg = Release|Any CPU
		{FF51C63D-B96A-48F9-88D8-ADC83E6ECAAC}.Release|Any CPU.Build.0 = Release|Any CPU
		{D993D05B-C52A-4375-AC98-6398DEEAEE7F}.Debug|Any CPU.ActiveCfg = Debug|Any CPU
		{D993D05B-C52A-4375-AC98-6398DEEAEE7F}.Debug|Any CPU.Build.0 = Debug|Any CPU
		{D993D05B-C52A-4375-AC98-6398DEEAEE7F}.Release|Any CPU.ActiveCfg = Release|Any CPU
		{D993D05B-C52A-4375-AC98-6398DEEAEE7F}.Release|Any CPU.Build.0 = Release|Any CPU
		{86B9D745-15D2-4918-9177-FE458AF33261}.Debug|Any CPU.ActiveCfg = Debug|Any CPU
		{86B9D745-15D2-4918-9177-FE458AF33261}.Debug|Any CPU.Build.0 = Debug|Any CPU
		{86B9D745-15D2-4918-9177-FE458AF33261}.Release|Any CPU.ActiveCfg = Release|Any CPU
		{86B9D745-15D2-4918-9177-FE458AF33261}.Release|Any CPU.Build.0 = Release|Any CPU
		{856CBDDC-9131-4645-9837-B47D1A690E9C}.Debug|Any CPU.ActiveCfg = Debug|Any CPU
		{856CBDDC-9131-4645-9837-B47D1A690E9C}.Debug|Any CPU.Build.0 = Debug|Any CPU
		{856CBDDC-9131-4645-9837-B47D1A690E9C}.Release|Any CPU.ActiveCfg = Release|Any CPU
		{856CBDDC-9131-4645-9837-B47D1A690E9C}.Release|Any CPU.Build.0 = Release|Any CPU
		{CE3BD9F6-1769-4A28-93D4-A1388E92CA6C}.Debug|Any CPU.ActiveCfg = Debug|Any CPU
		{CE3BD9F6-1769-4A28-93D4-A1388E92CA6C}.Debug|Any CPU.Build.0 = Debug|Any CPU
		{CE3BD9F6-1769-4A28-93D4-A1388E92CA6C}.Release|Any CPU.ActiveCfg = Release|Any CPU
		{CE3BD9F6-1769-4A28-93D4-A1388E92CA6C}.Release|Any CPU.Build.0 = Release|Any CPU
		{133FA2B0-1A5B-442B-A76F-F2ADE895FF7D}.Debug|Any CPU.ActiveCfg = Debug|Any CPU
		{133FA2B0-1A5B-442B-A76F-F2ADE895FF7D}.Debug|Any CPU.Build.0 = Debug|Any CPU
		{133FA2B0-1A5B-442B-A76F-F2ADE895FF7D}.Release|Any CPU.ActiveCfg = Release|Any CPU
		{133FA2B0-1A5B-442B-A76F-F2ADE895FF7D}.Release|Any CPU.Build.0 = Release|Any CPU
		{311217AD-FDEE-446E-A250-739F50825F09}.Debug|Any CPU.ActiveCfg = Debug|Any CPU
		{311217AD-FDEE-446E-A250-739F50825F09}.Debug|Any CPU.Build.0 = Debug|Any CPU
		{311217AD-FDEE-446E-A250-739F50825F09}.Release|Any CPU.ActiveCfg = Release|Any CPU
		{311217AD-FDEE-446E-A250-739F50825F09}.Release|Any CPU.Build.0 = Release|Any CPU
		{DEAEFAEF-688B-4E6A-8816-E6AA41438D8B}.Debug|Any CPU.ActiveCfg = Debug|Any CPU
		{DEAEFAEF-688B-4E6A-8816-E6AA41438D8B}.Debug|Any CPU.Build.0 = Debug|Any CPU
		{DEAEFAEF-688B-4E6A-8816-E6AA41438D8B}.Release|Any CPU.ActiveCfg = Release|Any CPU
		{DEAEFAEF-688B-4E6A-8816-E6AA41438D8B}.Release|Any CPU.Build.0 = Release|Any CPU
		{A225F6A9-F436-4662-9453-3BDD44D9EF88}.Debug|Any CPU.ActiveCfg = Debug|Any CPU
		{A225F6A9-F436-4662-9453-3BDD44D9EF88}.Debug|Any CPU.Build.0 = Debug|Any CPU
		{A225F6A9-F436-4662-9453-3BDD44D9EF88}.Release|Any CPU.ActiveCfg = Release|Any CPU
		{A225F6A9-F436-4662-9453-3BDD44D9EF88}.Release|Any CPU.Build.0 = Release|Any CPU
	EndGlobalSection
	GlobalSection(SolutionProperties) = preSolution
		HideSolutionNode = FALSE
	EndGlobalSection
	GlobalSection(NestedProjects) = preSolution
		{F23DB35F-F97A-4372-A75F-2A354EF43B62} = {8C225103-DCA0-4A81-9A96-30D0174E6C29}
		{58FC5938-260D-4447-8D4F-3BBB456902F1} = {8C225103-DCA0-4A81-9A96-30D0174E6C29}
		{68EAA8BB-DC4C-452B-9AF2-E2A12D128062} = {8C225103-DCA0-4A81-9A96-30D0174E6C29}
		{FF51C63D-B96A-48F9-88D8-ADC83E6ECAAC} = {C26C50BE-B3AB-4003-885D-9C07EF010C01}
		{D993D05B-C52A-4375-AC98-6398DEEAEE7F} = {C26C50BE-B3AB-4003-885D-9C07EF010C01}
		{86B9D745-15D2-4918-9177-FE458AF33261} = {C26C50BE-B3AB-4003-885D-9C07EF010C01}
		{856CBDDC-9131-4645-9837-B47D1A690E9C} = {3A41C252-30F2-4C7E-8AD2-54DE0E21B915}
		{CE3BD9F6-1769-4A28-93D4-A1388E92CA6C} = {3A41C252-30F2-4C7E-8AD2-54DE0E21B915}
		{133FA2B0-1A5B-442B-A76F-F2ADE895FF7D} = {3A41C252-30F2-4C7E-8AD2-54DE0E21B915}
		{311217AD-FDEE-446E-A250-739F50825F09} = {FB4428C2-8CFC-403B-A1DE-736F522EB6EB}
		{DEAEFAEF-688B-4E6A-8816-E6AA41438D8B} = {FB4428C2-8CFC-403B-A1DE-736F522EB6EB}
		{A225F6A9-F436-4662-9453-3BDD44D9EF88} = {FB4428C2-8CFC-403B-A1DE-736F522EB6EB}
	EndGlobalSection
	GlobalSection(ExtensibilityGlobals) = postSolution
		SolutionGuid = {0DB4A38C-E561-402A-89E5-7AC1227AF2F0}
	EndGlobalSection
EndGlobal
