
Microsoft Visual Studio Solution File, Format Version 12.00
# Visual Studio Version 16
VisualStudioVersion = 16.0.34031.81
MinimumVisualStudioVersion = 10.0.40219.1
Project("{FAE04EC0-301F-11D3-BF4B-00C04F79EFBC}") = "Tyuiu.MedvedevKA.Sprint2.Task0.V15", "Tyuiu.MedvedevKA.Sprint2.Task0.V15\Tyuiu.MedvedevKA.Sprint2.Task0.V15.csproj", "{F23DB35F-F97A-4372-A75F-2A354EF43B62}"
EndProject
Project("{2150E333-8FDC-42A3-9474-1A3956D46DE8}") = "Task0", "Task0", "{8C225103-DCA0-4A81-9A96-30D0174E6C29}"
EndProject
Project("{FAE04EC0-301F-11D3-BF4B-00C04F79EFBC}") = "Tyuiu.MedvedevKA.Sprint2.Task0.V15.Lib", "Tyuiu.MedvedevKA.Sprint2.Task0.V15.Lib\Tyuiu.MedvedevKA.Sprint2.Task0.V15.Lib.csproj", "{58FC5938-260D-4447-8D4F-3BBB456902F1}"
EndProject
Project("{FAE04EC0-301F-11D3-BF4B-00C04F79EFBC}") = "Tyuiu.MedvedevKA.Sprint2.Task0.V15.Test", "Tyuiu.MedvedevKA.Sprint2.Task0.V15.Test\Tyuiu.MedvedevKA.Sprint2.Task0.V15.Test.csproj", "{68EAA8BB-DC4C-452B-9AF2-E2A12D128062}"
EndProject
Project("{2150E333-8FDC-42A3-9474-1A3956D46DE8}") = "Task1", "Task1", "{C26C50BE-B3AB-4003-885D-9C07EF010C01}"
EndProject
Project("{FAE04EC0-301F-11D3-BF4B-00C04F79EFBC}") = "Tyuiu.MedvedevKA.Sprint2.Task1.V21", "Tyuiu.MedvedevKA.Sprint2.Task1.V21\Tyuiu.MedvedevKA.Sprint2.Task1.V21.csproj", "{FF51C63D-B96A-48F9-88D8-ADC83E6ECAAC}"
EndProject
Project("{FAE04EC0-301F-11D3-BF4B-00C04F79EFBC}") = "Tyuiu.MedvedevKA.Sprint2.Task1.V21.Lib", "Tyuiu.MedvedevKA.Sprint2.Task1.V21.Lib\Tyuiu.MedvedevKA.Sprint2.Task1.V21.Lib.csproj", "{D993D05B-C52A-4375-AC98-6398DEEAEE7F}"
EndProject
Project("{FAE04EC0-301F-11D3-BF4B-00C04F79EFBC}") = "Tyuiu.MedvedevKA.Sprint2.Task1.V21.Test", "Tyuiu.MedvedevKA.Sprint2.Task1.V21.Test\Tyuiu.MedvedevKA.Sprint2.Task1.V21.Test.csproj", "{86B9D745-15D2-4918-9177-FE458AF33261}"
EndProject
Project("{2150E333-8FDC-42A3-9474-1A3956D46DE8}") = "Task2", "Task2", "{3A41C252-30F2-4C7E-8AD2-54DE0E21B915}"
EndProject
Project("{FAE04EC0-301F-11D3-BF4B-00C04F79EFBC}") = "Tyuiu.MedvedevKA.Sprint2.Task2.V27.Test", "Tyuiu.MedvedevKA.Sprint2.Task2.V27.Test\Tyuiu.MedvedevKA.Sprint2.Task2.V27.Test.csproj", "{856CBDDC-9131-4645-9837-B47D1A690E9C}"
EndProject
Project("{FAE04EC0-301F-11D3-BF4B-00C04F79EFBC}") = "Tyuiu.MedvedevKA.Sprint2.Task2.V27", "Tyuiu.MedvedevKA.Sprint2.Task2.V27\Tyuiu.MedvedevKA.Sprint2.Task2.V27.csproj", "{CE3BD9F6-1769-4A28-93D4-A1388E92CA6C}"
EndProject
Project("{FAE04EC0-301F-11D3-BF4B-00C04F79EFBC}") = "Tyuiu.MedvedevKA.Sprint2.Task2.V27.Lib", "Tyuiu.MedvedevKA.Sprint2.Task2.V27.Lib\Tyuiu.MedvedevKA.Sprint2.Task2.V27.Lib.csproj", "{133FA2B0-1A5B-442B-A76F-F2ADE895FF7D}"
EndProject
Project("{2150E333-8FDC-42A3-9474-1A3956D46DE8}") = "Task3", "Task3", "{FB4428C2-8CFC-403B-A1DE-736F522EB6EB}"
EndProject
Project("{FAE04EC0-301F-11D3-BF4B-00C04F79EFBC}") = "Tyuiu.MedvedevKA.Sprint2.Task3.V30", "Tyuiu.MedvedevKA.Sprint2.Task3.V30\Tyuiu.MedvedevKA.Sprint2.Task3.V30.csproj", "{311217AD-FDEE-446E-A250-739F50825F09}"
EndProject
Project("{FAE04EC0-301F-11D3-BF4B-00C04F79EFBC}") = "Tyuiu.MedvedevKA.Sprint2.Task3.V30.Lib", "Tyuiu.MedvedevKA.Sprint2.Task3.V30.Lib\Tyuiu.MedvedevKA.Sprint2.Task3.V30.Lib.csproj", "{DEAEFAEF-688B-4E6A-8816-E6AA41438D8B}"
EndProject
Project("{FAE04EC0-301F-11D3-BF4B-00C04F79EFBC}") = "Tyuiu.MedvedevKA.Sprint2.Task3.V30.Test", "Tyuiu.MedvedevKA.Sprint2.Task3.V30.Test\Tyuiu.MedvedevKA.Sprint2.Task3.V30.Test.csproj", "{A225F6A9-F436-4662-9453-3BDD44D9EF88}"
EndProject
Project("{2150E333-8FDC-42A3-9474-1A3956D46DE8}") = "Task4", "Task4", "{894E4E65-B873-47BB-BDBE-64250ACA3057}"
EndProject
Project("{FAE04EC0-301F-11D3-BF4B-00C04F79EFBC}") = "Tyuiu.MedvedevKA.Sprint2.Task4.V27", "Tyuiu.MedvedevKA.Sprint2.Task4.V27\Tyuiu.MedvedevKA.Sprint2.Task4.V27.csproj", "{8FB2AA2C-7EEE-4D9D-9B10-C165BCA6B71A}"
EndProject
Project("{FAE04EC0-301F-11D3-BF4B-00C04F79EFBC}") = "Tyuiu.MedvedevKA.Sprint2.Task4.V27.Lib", "Tyuiu.MedvedevKA.Sprint2.Task4.V27.Lib\Tyuiu.MedvedevKA.Sprint2.Task4.V27.Lib.csproj", "{D152B32A-0767-422B-A243-BB3901400A6F}"
EndProject
Project("{FAE04EC0-301F-11D3-BF4B-00C04F79EFBC}") = "Tyuiu.MedvedevKA.Sprint2.Task4.V27.Test", "Tyuiu.MedvedevKA.Sprint2.Task4.V27.Test\Tyuiu.MedvedevKA.Sprint2.Task4.V27.Test.csproj", "{35CFCD6B-6BDB-43C4-A457-B0255A8963DA}"
EndProject
Project("{2150E333-8FDC-42A3-9474-1A3956D46DE8}") = "Task5", "Task5", "{844C1122-8EAB-4FAC-9DEC-9A31762C78B6}"
EndProject
Project("{FAE04EC0-301F-11D3-BF4B-00C04F79EFBC}") = "Tyuiu.MedvedevKA.Sprint2.Task5.V5", "Tyuiu.MedvedevKA.Sprint2.Task5.V5\Tyuiu.MedvedevKA.Sprint2.Task5.V5.csproj", "{7BCC93B4-D028-496D-B262-7ADE826E02F9}"
EndProject
Project("{FAE04EC0-301F-11D3-BF4B-00C04F79EFBC}") = "Tyuiu.MedvedevKA.Sprint2.Task5.V5.Lib", "Tyuiu.MedvedevKA.Sprint2.Task5.V5.Lib\Tyuiu.MedvedevKA.Sprint2.Task5.V5.Lib.csproj", "{D8767347-EAFA-4F45-AC91-E823486BF68C}"
EndProject
Project("{FAE04EC0-301F-11D3-BF4B-00C04F79EFBC}") = "Tyuiu.MedvedevKA.Sprint2.Task5.V5.Test", "Tyuiu.MedvedevKA.Sprint2.Task5.V5.Test\Tyuiu.MedvedevKA.Sprint2.Task5.V5.Test.csproj", "{49AC0401-5DA5-42E1-BCF6-57F748B59A08}"
EndProject
Project("{2150E333-8FDC-42A3-9474-1A3956D46DE8}") = "Task6", "Task6", "{22E27DCA-A9F2-4AA2-9345-03CA1B36CBC8}"
EndProject
Project("{FAE04EC0-301F-11D3-BF4B-00C04F79EFBC}") = "Tyuiu.MedvedevKA.Sprint2.Task6.V5", "Tyuiu.MedvedevKA.Sprint2.Task6.V5\Tyuiu.MedvedevKA.Sprint2.Task6.V5.csproj", "{68C63865-07E7-448E-927F-9B727D893B83}"
EndProject
Project("{FAE04EC0-301F-11D3-BF4B-00C04F79EFBC}") = "Tyuiu.MedvedevKA.Sprint2.Task6.V5.Lib", "Tyuiu.MedvedevKA.Sprint2.Task6.V5.Lib\Tyuiu.MedvedevKA.Sprint2.Task6.V5.Lib.csproj", "{77705B3D-7BC0-42BE-909A-54E02ABD14CD}"
EndProject
Project("{FAE04EC0-301F-11D3-BF4B-00C04F79EFBC}") = "Tyuiu.MedvedevKA.Sprint2.Task6.V5.Test", "Tyuiu.MedvedevKA.Sprint2.Task6.V5.Test\Tyuiu.MedvedevKA.Sprint2.Task6.V5.Test.csproj", "{9D80064A-667B-49BC-AE96-6426AC080307}"
EndProject
Project("{2150E333-8FDC-42A3-9474-1A3956D46DE8}") = "Task7", "Task7", "{79FD85C1-FCC0-43BF-A876-BA5288C39225}"
EndProject
Project("{FAE04EC0-301F-11D3-BF4B-00C04F79EFBC}") = "Tyuiu.MedvedevKA.Sprint2.Task7.V3", "Tyuiu.MedvedevKA.Sprint2.Task7.V3\Tyuiu.MedvedevKA.Sprint2.Task7.V3.csproj", "{2A9A64AE-8760-4877-9CED-924121AAE04B}"
EndProject
Project("{FAE04EC0-301F-11D3-BF4B-00C04F79EFBC}") = "Tyuiu.MedvedevKA.Sprint2.Task7.V3.Lib", "Tyuiu.MedvedevKA.Sprint2.Task7.V3.Lib\Tyuiu.MedvedevKA.Sprint2.Task7.V3.Lib.csproj", "{48844270-4517-4FAE-96D6-DA3CD3132130}"
EndProject
Project("{FAE04EC0-301F-11D3-BF4B-00C04F79EFBC}") = "Tyuiu.MedvedevKA.Sprint2.Task7.V3.Test", "Tyuiu.MedvedevKA.Sprint2.Task7.V3.Test\Tyuiu.MedvedevKA.Sprint2.Task7.V3.Test.csproj", "{9EC23734-0FAE-46FD-9426-BA6C5E83F2BB}"
EndProject
Global
	GlobalSection(SolutionConfigurationPlatforms) = preSolution
		Debug|Any CPU = Debug|Any CPU
		Release|Any CPU = Release|Any CPU
	EndGlobalSection
	GlobalSection(ProjectConfigurationPlatforms) = postSolution
		{F23DB35F-F97A-4372-A75F-2A354EF43B62}.Debug|Any CPU.ActiveCfg = Debug|Any CPU
		{F23DB35F-F97A-4372-A75F-2A354EF43B62}.Debug|Any CPU.Build.0 = Debug|Any CPU
		{F23DB35F-F97A-4372-A75F-2A354EF43B62}.Release|Any CPU.ActiveCfg = Release|Any CPU
		{F23DB35F-F97A-4372-A75F-2A354EF43B62}.Release|Any CPU.Build.0 = Release|Any CPU
		{58FC5938-260D-4447-8D4F-3BBB456902F1}.Debug|Any CPU.ActiveCfg = Debug|Any CPU
		{58FC5938-260D-4447-8D4F-3BBB456902F1}.Debug|Any CPU.Build.0 = Debug|Any CPU
		{58FC5938-260D-4447-8D4F-3BBB456902F1}.Release|Any CPU.ActiveCfg = Release|Any CPU
		{58FC5938-260D-4447-8D4F-3BBB456902F1}.Release|Any CPU.Build.0 = Release|Any CPU
		{68EAA8BB-DC4C-452B-9AF2-E2A12D128062}.Debug|Any CPU.ActiveCfg = Debug|Any CPU
		{68EAA8BB-DC4C-452B-9AF2-E2A12D128062}.Debug|Any CPU.Build.0 = Debug|Any CPU
		{68EAA8BB-DC4C-452B-9AF2-E2A12D128062}.Release|Any CPU.ActiveCfg = Release|Any CPU
		{68EAA8BB-DC4C-452B-9AF2-E2A12D128062}.Release|Any CPU.Build.0 = Release|Any CPU
		{FF51C63D-B96A-48F9-88D8-ADC83E6ECAAC}.Debug|Any CPU.ActiveCfg = Debug|Any CPU
		{FF51C63D-B96A-48F9-88D8-ADC83E6ECAAC}.Debug|Any CPU.Build.0 = Debug|Any CPU
		{FF51C63D-B96A-48F9-88D8-ADC83E6ECAAC}.Release|Any CPU.ActiveCfg = Release|Any CPU
		{FF51C63D-B96A-48F9-88D8-ADC83E6ECAAC}.Release|Any CPU.Build.0 = Release|Any CPU
		{D993D05B-C52A-4375-AC98-6398DEEAEE7F}.Debug|Any CPU.ActiveCfg = Debug|Any CPU
		{D993D05B-C52A-4375-AC98-6398DEEAEE7F}.Debug|Any CPU.Build.0 = Debug|Any CPU
		{D993D05B-C52A-4375-AC98-6398DEEAEE7F}.Release|Any CPU.ActiveCfg = Release|Any CPU
		{D993D05B-C52A-4375-AC98-6398DEEAEE7F}.Release|Any CPU.Build.0 = Release|Any CPU
		{86B9D745-15D2-4918-9177-FE458AF33261}.Debug|Any CPU.ActiveCfg = Debug|Any CPU
		{86B9D745-15D2-4918-9177-FE458AF33261}.Debug|Any CPU.Build.0 = Debug|Any CPU
		{86B9D745-15D2-4918-9177-FE458AF33261}.Release|Any CPU.ActiveCfg = Release|Any CPU
		{86B9D745-15D2-4918-9177-FE458AF33261}.Release|Any CPU.Build.0 = Release|Any CPU
		{856CBDDC-9131-4645-9837-B47D1A690E9C}.Debug|Any CPU.ActiveCfg = Debug|Any CPU
		{856CBDDC-9131-4645-9837-B47D1A690E9C}.Debug|Any CPU.Build.0 = Debug|Any CPU
		{856CBDDC-9131-4645-9837-B47D1A690E9C}.Release|Any CPU.ActiveCfg = Release|Any CPU
		{856CBDDC-9131-4645-9837-B47D1A690E9C}.Release|Any CPU.Build.0 = Release|Any CPU
		{CE3BD9F6-1769-4A28-93D4-A1388E92CA6C}.Debug|Any CPU.ActiveCfg = Debug|Any CPU
		{CE3BD9F6-1769-4A28-93D4-A1388E92CA6C}.Debug|Any CPU.Build.0 = Debug|Any CPU
		{CE3BD9F6-1769-4A28-93D4-A1388E92CA6C}.Release|Any CPU.ActiveCfg = Release|Any CPU
		{CE3BD9F6-1769-4A28-93D4-A1388E92CA6C}.Release|Any CPU.Build.0 = Release|Any CPU
		{133FA2B0-1A5B-442B-A76F-F2ADE895FF7D}.Debug|Any CPU.ActiveCfg = Debug|Any CPU
		{133FA2B0-1A5B-442B-A76F-F2ADE895FF7D}.Debug|Any CPU.Build.0 = Debug|Any CPU
		{133FA2B0-1A5B-442B-A76F-F2ADE895FF7D}.Release|Any CPU.ActiveCfg = Release|Any CPU
		{133FA2B0-1A5B-442B-A76F-F2ADE895FF7D}.Release|Any CPU.Build.0 = Release|Any CPU
		{311217AD-FDEE-446E-A250-739F50825F09}.Debug|Any CPU.ActiveCfg = Debug|Any CPU
		{311217AD-FDEE-446E-A250-739F50825F09}.Debug|Any CPU.Build.0 = Debug|Any CPU
		{311217AD-FDEE-446E-A250-739F50825F09}.Release|Any CPU.ActiveCfg = Release|Any CPU
		{311217AD-FDEE-446E-A250-739F50825F09}.Release|Any CPU.Build.0 = Release|Any CPU
		{DEAEFAEF-688B-4E6A-8816-E6AA41438D8B}.Debug|Any CPU.ActiveCfg = Debug|Any CPU
		{DEAEFAEF-688B-4E6A-8816-E6AA41438D8B}.Debug|Any CPU.Build.0 = Debug|Any CPU
		{DEAEFAEF-688B-4E6A-8816-E6AA41438D8B}.Release|Any CPU.ActiveCfg = Release|Any CPU
		{DEAEFAEF-688B-4E6A-8816-E6AA41438D8B}.Release|Any CPU.Build.0 = Release|Any CPU
		{A225F6A9-F436-4662-9453-3BDD44D9EF88}.Debug|Any CPU.ActiveCfg = Debug|Any CPU
		{A225F6A9-F436-4662-9453-3BDD44D9EF88}.Debug|Any CPU.Build.0 = Debug|Any CPU
		{A225F6A9-F436-4662-9453-3BDD44D9EF88}.Release|Any CPU.ActiveCfg = Release|Any CPU
		{A225F6A9-F436-4662-9453-3BDD44D9EF88}.Release|Any CPU.Build.0 = Release|Any CPU
		{8FB2AA2C-7EEE-4D9D-9B10-C165BCA6B71A}.Debug|Any CPU.ActiveCfg = Debug|Any CPU
		{8FB2AA2C-7EEE-4D9D-9B10-C165BCA6B71A}.Debug|Any CPU.Build.0 = Debug|Any CPU
		{8FB2AA2C-7EEE-4D9D-9B10-C165BCA6B71A}.Release|Any CPU.ActiveCfg = Release|Any CPU
		{8FB2AA2C-7EEE-4D9D-9B10-C165BCA6B71A}.Release|Any CPU.Build.0 = Release|Any CPU
		{D152B32A-0767-422B-A243-BB3901400A6F}.Debug|Any CPU.ActiveCfg = Debug|Any CPU
		{D152B32A-0767-422B-A243-BB3901400A6F}.Debug|Any CPU.Build.0 = Debug|Any CPU
		{D152B32A-0767-422B-A243-BB3901400A6F}.Release|Any CPU.ActiveCfg = Release|Any CPU
		{D152B32A-0767-422B-A243-BB3901400A6F}.Release|Any CPU.Build.0 = Release|Any CPU
		{35CFCD6B-6BDB-43C4-A457-B0255A8963DA}.Debug|Any CPU.ActiveCfg = Debug|Any CPU
		{35CFCD6B-6BDB-43C4-A457-B0255A8963DA}.Debug|Any CPU.Build.0 = Debug|Any CPU
		{35CFCD6B-6BDB-43C4-A457-B0255A8963DA}.Release|Any CPU.ActiveCfg = Release|Any CPU
		{35CFCD6B-6BDB-43C4-A457-B0255A8963DA}.Release|Any CPU.Build.0 = Release|Any CPU
		{7BCC93B4-D028-496D-B262-7ADE826E02F9}.Debug|Any CPU.ActiveCfg = Debug|Any CPU
		{7BCC93B4-D028-496D-B262-7ADE826E02F9}.Debug|Any CPU.Build.0 = Debug|Any CPU
		{7BCC93B4-D028-496D-B262-7ADE826E02F9}.Release|Any CPU.ActiveCfg = Release|Any CPU
		{7BCC93B4-D028-496D-B262-7ADE826E02F9}.Release|Any CPU.Build.0 = Release|Any CPU
		{D8767347-EAFA-4F45-AC91-E823486BF68C}.Debug|Any CPU.ActiveCfg = Debug|Any CPU
		{D8767347-EAFA-4F45-AC91-E823486BF68C}.Debug|Any CPU.Build.0 = Debug|Any CPU
		{D8767347-EAFA-4F45-AC91-E823486BF68C}.Release|Any CPU.ActiveCfg = Release|Any CPU
		{D8767347-EAFA-4F45-AC91-E823486BF68C}.Release|Any CPU.Build.0 = Release|Any CPU
		{49AC0401-5DA5-42E1-BCF6-57F748B59A08}.Debug|Any CPU.ActiveCfg = Debug|Any CPU
		{49AC0401-5DA5-42E1-BCF6-57F748B59A08}.Debug|Any CPU.Build.0 = Debug|Any CPU
		{49AC0401-5DA5-42E1-BCF6-57F748B59A08}.Release|Any CPU.ActiveCfg = Release|Any CPU
		{49AC0401-5DA5-42E1-BCF6-57F748B59A08}.Release|Any CPU.Build.0 = Release|Any CPU
		{68C63865-07E7-448E-927F-9B727D893B83}.Debug|Any CPU.ActiveCfg = Debug|Any CPU
		{68C63865-07E7-448E-927F-9B727D893B83}.Debug|Any CPU.Build.0 = Debug|Any CPU
		{68C63865-07E7-448E-927F-9B727D893B83}.Release|Any CPU.ActiveCfg = Release|Any CPU
		{68C63865-07E7-448E-927F-9B727D893B83}.Release|Any CPU.Build.0 = Release|Any CPU
		{77705B3D-7BC0-42BE-909A-54E02ABD14CD}.Debug|Any CPU.ActiveCfg = Debug|Any CPU
		{77705B3D-7BC0-42BE-909A-54E02ABD14CD}.Debug|Any CPU.Build.0 = Debug|Any CPU
		{77705B3D-7BC0-42BE-909A-54E02ABD14CD}.Release|Any CPU.ActiveCfg = Release|Any CPU
		{77705B3D-7BC0-42BE-909A-54E02ABD14CD}.Release|Any CPU.Build.0 = Release|Any CPU
		{9D80064A-667B-49BC-AE96-6426AC080307}.Debug|Any CPU.ActiveCfg = Debug|Any CPU
		{9D80064A-667B-49BC-AE96-6426AC080307}.Debug|Any CPU.Build.0 = Debug|Any CPU
		{9D80064A-667B-49BC-AE96-6426AC080307}.Release|Any CPU.ActiveCfg = Release|Any CPU
		{9D80064A-667B-49BC-AE96-6426AC080307}.Release|Any CPU.Build.0 = Release|Any CPU
		{2A9A64AE-8760-4877-9CED-924121AAE04B}.Debug|Any CPU.ActiveCfg = Debug|Any CPU
		{2A9A64AE-8760-4877-9CED-924121AAE04B}.Debug|Any CPU.Build.0 = Debug|Any CPU
		{2A9A64AE-8760-4877-9CED-924121AAE04B}.Release|Any CPU.ActiveCfg = Release|Any CPU
		{2A9A64AE-8760-4877-9CED-924121AAE04B}.Release|Any CPU.Build.0 = Release|Any CPU
		{48844270-4517-4FAE-96D6-DA3CD3132130}.Debug|Any CPU.ActiveCfg = Debug|Any CPU
		{48844270-4517-4FAE-96D6-DA3CD3132130}.Debug|Any CPU.Build.0 = Debug|Any CPU
		{48844270-4517-4FAE-96D6-DA3CD3132130}.Release|Any CPU.ActiveCfg = Release|Any CPU
		{48844270-4517-4FAE-96D6-DA3CD3132130}.Release|Any CPU.Build.0 = Release|Any CPU
		{9EC23734-0FAE-46FD-9426-BA6C5E83F2BB}.Debug|Any CPU.ActiveCfg = Debug|Any CPU
		{9EC23734-0FAE-46FD-9426-BA6C5E83F2BB}.Debug|Any CPU.Build.0 = Debug|Any CPU
		{9EC23734-0FAE-46FD-9426-BA6C5E83F2BB}.Release|Any CPU.ActiveCfg = Release|Any CPU
		{9EC23734-0FAE-46FD-9426-BA6C5E83F2BB}.Release|Any CPU.Build.0 = Release|Any CPU
	EndGlobalSection
	GlobalSection(SolutionProperties) = preSolution
		HideSolutionNode = FALSE
	EndGlobalSection
	GlobalSection(NestedProjects) = preSolution
		{F23DB35F-F97A-4372-A75F-2A354EF43B62} = {8C225103-DCA0-4A81-9A96-30D0174E6C29}
		{58FC5938-260D-4447-8D4F-3BBB456902F1} = {8C225103-DCA0-4A81-9A96-30D0174E6C29}
		{68EAA8BB-DC4C-452B-9AF2-E2A12D128062} = {8C225103-DCA0-4A81-9A96-30D0174E6C29}
		{FF51C63D-B96A-48F9-88D8-ADC83E6ECAAC} = {C26C50BE-B3AB-4003-885D-9C07EF010C01}
		{D993D05B-C52A-4375-AC98-6398DEEAEE7F} = {C26C50BE-B3AB-4003-885D-9C07EF010C01}
		{86B9D745-15D2-4918-9177-FE458AF33261} = {C26C50BE-B3AB-4003-885D-9C07EF010C01}
		{856CBDDC-9131-4645-9837-B47D1A690E9C} = {3A41C252-30F2-4C7E-8AD2-54DE0E21B915}
		{CE3BD9F6-1769-4A28-93D4-A1388E92CA6C} = {3A41C252-30F2-4C7E-8AD2-54DE0E21B915}
		{133FA2B0-1A5B-442B-A76F-F2ADE895FF7D} = {3A41C252-30F2-4C7E-8AD2-54DE0E21B915}
		{311217AD-FDEE-446E-A250-739F50825F09} = {FB4428C2-8CFC-403B-A1DE-736F522EB6EB}
		{DEAEFAEF-688B-4E6A-8816-E6AA41438D8B} = {FB4428C2-8CFC-403B-A1DE-736F522EB6EB}
		{A225F6A9-F436-4662-9453-3BDD44D9EF88} = {FB4428C2-8CFC-403B-A1DE-736F522EB6EB}
		{8FB2AA2C-7EEE-4D9D-9B10-C165BCA6B71A} = {894E4E65-B873-47BB-BDBE-64250ACA3057}
		{D152B32A-0767-422B-A243-BB3901400A6F} = {894E4E65-B873-47BB-BDBE-64250ACA3057}
		{35CFCD6B-6BDB-43C4-A457-B0255A8963DA} = {894E4E65-B873-47BB-BDBE-64250ACA3057}
		{7BCC93B4-D028-496D-B262-7ADE826E02F9} = {844C1122-8EAB-4FAC-9DEC-9A31762C78B6}
		{D8767347-EAFA-4F45-AC91-E823486BF68C} = {844C1122-8EAB-4FAC-9DEC-9A31762C78B6}
		{49AC0401-5DA5-42E1-BCF6-57F748B59A08} = {844C1122-8EAB-4FAC-9DEC-9A31762C78B6}
		{68C63865-07E7-448E-927F-9B727D893B83} = {22E27DCA-A9F2-4AA2-9345-03CA1B36CBC8}
		{77705B3D-7BC0-42BE-909A-54E02ABD14CD} = {22E27DCA-A9F2-4AA2-9345-03CA1B36CBC8}
		{9D80064A-667B-49BC-AE96-6426AC080307} = {22E27DCA-A9F2-4AA2-9345-03CA1B36CBC8}
		{2A9A64AE-8760-4877-9CED-924121AAE04B} = {79FD85C1-FCC0-43BF-A876-BA5288C39225}
		{48844270-4517-4FAE-96D6-DA3CD3132130} = {79FD85C1-FCC0-43BF-A876-BA5288C39225}
		{9EC23734-0FAE-46FD-9426-BA6C5E83F2BB} = {79FD85C1-FCC0-43BF-A876-BA5288C39225}
	EndGlobalSection
	GlobalSection(ExtensibilityGlobals) = postSolution
		SolutionGuid = {0DB4A38C-E561-402A-89E5-7AC1227AF2F0}
	EndGlobalSection
EndGlobal
